
Microsoft Visual Studio Solution File, Format Version 12.00
# Visual Studio 15
VisualStudioVersion = 15.0.27130.2024
MinimumVisualStudioVersion = 10.0.40219.1
Project("{FAE04EC0-301F-11D3-BF4B-00C04F79EFBC}") = "AsteroidsMG", "AsteroidsMG\AsteroidsMG.csproj", "{A6972F91-7985-4C32-A589-C873E44DB1C6}"
EndProject
Global
	GlobalSection(SolutionConfigurationPlatforms) = preSolution
		Debug|Any CPU = Debug|Any CPU
		Release|Any CPU = Release|Any CPU
	EndGlobalSection
	GlobalSection(ProjectConfigurationPlatforms) = postSolution
		{A6972F91-7985-4C32-A589-C873E44DB1C6}.Debug|Any CPU.ActiveCfg = Debug|Any CPU
		{A6972F91-7985-4C32-A589-C873E44DB1C6}.Debug|Any CPU.Build.0 = Debug|Any CPU
		{A6972F91-7985-4C32-A589-C873E44DB1C6}.Release|Any CPU.ActiveCfg = Release|Any CPU
		{A6972F91-7985-4C32-A589-C873E44DB1C6}.Release|Any CPU.Build.0 = Release|Any CPU
	EndGlobalSection
	GlobalSection(SolutionProperties) = preSolution
		HideSolutionNode = FALSE
	EndGlobalSection
	GlobalSection(ExtensibilityGlobals) = postSolution
		SolutionGuid = {9E996F68-2FDA-4BAE-BBCD-41C59A0C5364}
	EndGlobalSection
EndGlobal
